
Microsoft Visual Studio Solution File, Format Version 12.00
# Visual Studio 15
VisualStudioVersion = 15.0.27703.2035
MinimumVisualStudioVersion = 10.0.40219.1
Project("{FAE04EC0-301F-11D3-BF4B-00C04F79EFBC}") = "MasterRSREM.Android", "MasterRSREM\MasterRSREM.Android\MasterRSREM.Android.csproj", "{8E5ED18D-5DCF-4DEA-8F79-F5014E54AE74}"
EndProject
Project("{FAE04EC0-301F-11D3-BF4B-00C04F79EFBC}") = "MasterRSREM.iOS", "MasterRSREM\MasterRSREM.iOS\MasterRSREM.iOS.csproj", "{BCE80311-0707-4859-B31F-DF8EBFA9A4AF}"
EndProject
Project("{FAE04EC0-301F-11D3-BF4B-00C04F79EFBC}") = "MasterRSREM.UWP", "MasterRSREM\MasterRSREM.UWP\MasterRSREM.UWP.csproj", "{91E8C943-1653-4306-BC80-0FB8D3DC992C}"
EndProject
Project("{FAE04EC0-301F-11D3-BF4B-00C04F79EFBC}") = "MasterRSREM", "MasterRSREM\MasterRSREM\MasterRSREM.csproj", "{2BC852E9-D07A-410A-AC9B-4D0B86840900}"
EndProject
Global
	GlobalSection(SolutionConfigurationPlatforms) = preSolution
		Debug|Any CPU = Debug|Any CPU
		Debug|ARM = Debug|ARM
		Debug|iPhone = Debug|iPhone
		Debug|iPhoneSimulator = Debug|iPhoneSimulator
		Debug|x64 = Debug|x64
		Debug|x86 = Debug|x86
		Release|Any CPU = Release|Any CPU
		Release|ARM = Release|ARM
		Release|iPhone = Release|iPhone
		Release|iPhoneSimulator = Release|iPhoneSimulator
		Release|x64 = Release|x64
		Release|x86 = Release|x86
	EndGlobalSection
	GlobalSection(ProjectConfigurationPlatforms) = postSolution
		{8E5ED18D-5DCF-4DEA-8F79-F5014E54AE74}.Debug|Any CPU.ActiveCfg = Debug|Any CPU
		{8E5ED18D-5DCF-4DEA-8F79-F5014E54AE74}.Debug|Any CPU.Build.0 = Debug|Any CPU
		{8E5ED18D-5DCF-4DEA-8F79-F5014E54AE74}.Debug|Any CPU.Deploy.0 = Debug|Any CPU
		{8E5ED18D-5DCF-4DEA-8F79-F5014E54AE74}.Debug|ARM.ActiveCfg = Debug|Any CPU
		{8E5ED18D-5DCF-4DEA-8F79-F5014E54AE74}.Debug|ARM.Build.0 = Debug|Any CPU
		{8E5ED18D-5DCF-4DEA-8F79-F5014E54AE74}.Debug|ARM.Deploy.0 = Debug|Any CPU
		{8E5ED18D-5DCF-4DEA-8F79-F5014E54AE74}.Debug|iPhone.ActiveCfg = Debug|Any CPU
		{8E5ED18D-5DCF-4DEA-8F79-F5014E54AE74}.Debug|iPhone.Build.0 = Debug|Any CPU
		{8E5ED18D-5DCF-4DEA-8F79-F5014E54AE74}.Debug|iPhone.Deploy.0 = Debug|Any CPU
		{8E5ED18D-5DCF-4DEA-8F79-F5014E54AE74}.Debug|iPhoneSimulator.ActiveCfg = Debug|Any CPU
		{8E5ED18D-5DCF-4DEA-8F79-F5014E54AE74}.Debug|iPhoneSimulator.Build.0 = Debug|Any CPU
		{8E5ED18D-5DCF-4DEA-8F79-F5014E54AE74}.Debug|iPhoneSimulator.Deploy.0 = Debug|Any CPU
		{8E5ED18D-5DCF-4DEA-8F79-F5014E54AE74}.Debug|x64.ActiveCfg = Debug|Any CPU
		{8E5ED18D-5DCF-4DEA-8F79-F5014E54AE74}.Debug|x64.Build.0 = Debug|Any CPU
		{8E5ED18D-5DCF-4DEA-8F79-F5014E54AE74}.Debug|x64.Deploy.0 = Debug|Any CPU
		{8E5ED18D-5DCF-4DEA-8F79-F5014E54AE74}.Debug|x86.ActiveCfg = Debug|Any CPU
		{8E5ED18D-5DCF-4DEA-8F79-F5014E54AE74}.Debug|x86.Build.0 = Debug|Any CPU
		{8E5ED18D-5DCF-4DEA-8F79-F5014E54AE74}.Debug|x86.Deploy.0 = Debug|Any CPU
		{8E5ED18D-5DCF-4DEA-8F79-F5014E54AE74}.Release|Any CPU.ActiveCfg = Release|Any CPU
		{8E5ED18D-5DCF-4DEA-8F79-F5014E54AE74}.Release|Any CPU.Build.0 = Release|Any CPU
		{8E5ED18D-5DCF-4DEA-8F79-F5014E54AE74}.Release|Any CPU.Deploy.0 = Release|Any CPU
		{8E5ED18D-5DCF-4DEA-8F79-F5014E54AE74}.Release|ARM.ActiveCfg = Release|Any CPU
		{8E5ED18D-5DCF-4DEA-8F79-F5014E54AE74}.Release|ARM.Build.0 = Release|Any CPU
		{8E5ED18D-5DCF-4DEA-8F79-F5014E54AE74}.Release|ARM.Deploy.0 = Release|Any CPU
		{8E5ED18D-5DCF-4DEA-8F79-F5014E54AE74}.Release|iPhone.ActiveCfg = Release|Any CPU
		{8E5ED18D-5DCF-4DEA-8F79-F5014E54AE74}.Release|iPhone.Build.0 = Release|Any CPU
		{8E5ED18D-5DCF-4DEA-8F79-F5014E54AE74}.Release|iPhone.Deploy.0 = Release|Any CPU
		{8E5ED18D-5DCF-4DEA-8F79-F5014E54AE74}.Release|iPhoneSimulator.ActiveCfg = Release|Any CPU
		{8E5ED18D-5DCF-4DEA-8F79-F5014E54AE74}.Release|iPhoneSimulator.Build.0 = Release|Any CPU
		{8E5ED18D-5DCF-4DEA-8F79-F5014E54AE74}.Release|iPhoneSimulator.Deploy.0 = Release|Any CPU
		{8E5ED18D-5DCF-4DEA-8F79-F5014E54AE74}.Release|x64.ActiveCfg = Release|Any CPU
		{8E5ED18D-5DCF-4DEA-8F79-F5014E54AE74}.Release|x64.Build.0 = Release|Any CPU
		{8E5ED18D-5DCF-4DEA-8F79-F5014E54AE74}.Release|x64.Deploy.0 = Release|Any CPU
		{8E5ED18D-5DCF-4DEA-8F79-F5014E54AE74}.Release|x86.ActiveCfg = Release|Any CPU
		{8E5ED18D-5DCF-4DEA-8F79-F5014E54AE74}.Release|x86.Build.0 = Release|Any CPU
		{8E5ED18D-5DCF-4DEA-8F79-F5014E54AE74}.Release|x86.Deploy.0 = Release|Any CPU
		{BCE80311-0707-4859-B31F-DF8EBFA9A4AF}.Debug|Any CPU.ActiveCfg = Debug|iPhoneSimulator
		{BCE80311-0707-4859-B31F-DF8EBFA9A4AF}.Debug|Any CPU.Build.0 = Debug|iPhoneSimulator
		{BCE80311-0707-4859-B31F-DF8EBFA9A4AF}.Debug|Any CPU.Deploy.0 = Debug|iPhoneSimulator
		{BCE80311-0707-4859-B31F-DF8EBFA9A4AF}.Debug|ARM.ActiveCfg = Debug|iPhone
		{BCE80311-0707-4859-B31F-DF8EBFA9A4AF}.Debug|ARM.Build.0 = Debug|iPhone
		{BCE80311-0707-4859-B31F-DF8EBFA9A4AF}.Debug|ARM.Deploy.0 = Debug|iPhone
		{BCE80311-0707-4859-B31F-DF8EBFA9A4AF}.Debug|iPhone.ActiveCfg = Debug|iPhone
		{BCE80311-0707-4859-B31F-DF8EBFA9A4AF}.Debug|iPhone.Build.0 = Debug|iPhone
		{BCE80311-0707-4859-B31F-DF8EBFA9A4AF}.Debug|iPhone.Deploy.0 = Debug|iPhone
		{BCE80311-0707-4859-B31F-DF8EBFA9A4AF}.Debug|iPhoneSimulator.ActiveCfg = Debug|iPhoneSimulator
		{BCE80311-0707-4859-B31F-DF8EBFA9A4AF}.Debug|iPhoneSimulator.Build.0 = Debug|iPhoneSimulator
		{BCE80311-0707-4859-B31F-DF8EBFA9A4AF}.Debug|iPhoneSimulator.Deploy.0 = Debug|iPhoneSimulator
		{BCE80311-0707-4859-B31F-DF8EBFA9A4AF}.Debug|x64.ActiveCfg = Debug|iPhone
		{BCE80311-0707-4859-B31F-DF8EBFA9A4AF}.Debug|x64.Build.0 = Debug|iPhone
		{BCE80311-0707-4859-B31F-DF8EBFA9A4AF}.Debug|x64.Deploy.0 = Debug|iPhone
		{BCE80311-0707-4859-B31F-DF8EBFA9A4AF}.Debug|x86.ActiveCfg = Debug|iPhone
		{BCE80311-0707-4859-B31F-DF8EBFA9A4AF}.Debug|x86.Build.0 = Debug|iPhone
		{BCE80311-0707-4859-B31F-DF8EBFA9A4AF}.Debug|x86.Deploy.0 = Debug|iPhone
		{BCE80311-0707-4859-B31F-DF8EBFA9A4AF}.Release|Any CPU.ActiveCfg = Release|iPhone
		{BCE80311-0707-4859-B31F-DF8EBFA9A4AF}.Release|Any CPU.Build.0 = Release|iPhone
		{BCE80311-0707-4859-B31F-DF8EBFA9A4AF}.Release|Any CPU.Deploy.0 = Release|iPhone
		{BCE80311-0707-4859-B31F-DF8EBFA9A4AF}.Release|ARM.ActiveCfg = Release|iPhone
		{BCE80311-0707-4859-B31F-DF8EBFA9A4AF}.Release|ARM.Build.0 = Release|iPhone
		{BCE80311-0707-4859-B31F-DF8EBFA9A4AF}.Release|ARM.Deploy.0 = Release|iPhone
		{BCE80311-0707-4859-B31F-DF8EBFA9A4AF}.Release|iPhone.ActiveCfg = Release|iPhone
		{BCE80311-0707-4859-B31F-DF8EBFA9A4AF}.Release|iPhone.Build.0 = Release|iPhone
		{BCE80311-0707-4859-B31F-DF8EBFA9A4AF}.Release|iPhone.Deploy.0 = Release|iPhone
		{BCE80311-0707-4859-B31F-DF8EBFA9A4AF}.Release|iPhoneSimulator.ActiveCfg = Release|iPhoneSimulator
		{BCE80311-0707-4859-B31F-DF8EBFA9A4AF}.Release|iPhoneSimulator.Build.0 = Release|iPhoneSimulator
		{BCE80311-0707-4859-B31F-DF8EBFA9A4AF}.Release|iPhoneSimulator.Deploy.0 = Release|iPhoneSimulator
		{BCE80311-0707-4859-B31F-DF8EBFA9A4AF}.Release|x64.ActiveCfg = Release|iPhone
		{BCE80311-0707-4859-B31F-DF8EBFA9A4AF}.Release|x64.Build.0 = Release|iPhone
		{BCE80311-0707-4859-B31F-DF8EBFA9A4AF}.Release|x64.Deploy.0 = Release|iPhone
		{BCE80311-0707-4859-B31F-DF8EBFA9A4AF}.Release|x86.ActiveCfg = Release|iPhone
		{BCE80311-0707-4859-B31F-DF8EBFA9A4AF}.Release|x86.Build.0 = Release|iPhone
		{BCE80311-0707-4859-B31F-DF8EBFA9A4AF}.Release|x86.Deploy.0 = Release|iPhone
		{91E8C943-1653-4306-BC80-0FB8D3DC992C}.Debug|Any CPU.ActiveCfg = Debug|x86
		{91E8C943-1653-4306-BC80-0FB8D3DC992C}.Debug|Any CPU.Build.0 = Debug|x86
		{91E8C943-1653-4306-BC80-0FB8D3DC992C}.Debug|Any CPU.Deploy.0 = Debug|x86
		{91E8C943-1653-4306-BC80-0FB8D3DC992C}.Debug|ARM.ActiveCfg = Debug|ARM
		{91E8C943-1653-4306-BC80-0FB8D3DC992C}.Debug|ARM.Build.0 = Debug|ARM
		{91E8C943-1653-4306-BC80-0FB8D3DC992C}.Debug|ARM.Deploy.0 = Debug|ARM
		{91E8C943-1653-4306-BC80-0FB8D3DC992C}.Debug|iPhone.ActiveCfg = Debug|x86
		{91E8C943-1653-4306-BC80-0FB8D3DC992C}.Debug|iPhone.Build.0 = Debug|x86
		{91E8C943-1653-4306-BC80-0FB8D3DC992C}.Debug|iPhone.Deploy.0 = Debug|x86
		{91E8C943-1653-4306-BC80-0FB8D3DC992C}.Debug|iPhoneSimulator.ActiveCfg = Debug|x86
		{91E8C943-1653-4306-BC80-0FB8D3DC992C}.Debug|iPhoneSimulator.Build.0 = Debug|x86
		{91E8C943-1653-4306-BC80-0FB8D3DC992C}.Debug|iPhoneSimulator.Deploy.0 = Debug|x86
		{91E8C943-1653-4306-BC80-0FB8D3DC992C}.Debug|x64.ActiveCfg = Debug|x64
		{91E8C943-1653-4306-BC80-0FB8D3DC992C}.Debug|x64.Build.0 = Debug|x64
		{91E8C943-1653-4306-BC80-0FB8D3DC992C}.Debug|x64.Deploy.0 = Debug|x64
		{91E8C943-1653-4306-BC80-0FB8D3DC992C}.Debug|x86.ActiveCfg = Debug|x86
		{91E8C943-1653-4306-BC80-0FB8D3DC992C}.Debug|x86.Build.0 = Debug|x86
		{91E8C943-1653-4306-BC80-0FB8D3DC992C}.Debug|x86.Deploy.0 = Debug|x86
		{91E8C943-1653-4306-BC80-0FB8D3DC992C}.Release|Any CPU.ActiveCfg = Release|x86
		{91E8C943-1653-4306-BC80-0FB8D3DC992C}.Release|Any CPU.Build.0 = Release|x86
		{91E8C943-1653-4306-BC80-0FB8D3DC992C}.Release|Any CPU.Deploy.0 = Release|x86
		{91E8C943-1653-4306-BC80-0FB8D3DC992C}.Release|ARM.ActiveCfg = Release|ARM
		{91E8C943-1653-4306-BC80-0FB8D3DC992C}.Release|ARM.Build.0 = Release|ARM
		{91E8C943-1653-4306-BC80-0FB8D3DC992C}.Release|ARM.Deploy.0 = Release|ARM
		{91E8C943-1653-4306-BC80-0FB8D3DC992C}.Release|iPhone.ActiveCfg = Release|x86
		{91E8C943-1653-4306-BC80-0FB8D3DC992C}.Release|iPhone.Build.0 = Release|x86
		{91E8C943-1653-4306-BC80-0FB8D3DC992C}.Release|iPhone.Deploy.0 = Release|x86
		{91E8C943-1653-4306-BC80-0FB8D3DC992C}.Release|iPhoneSimulator.ActiveCfg = Release|x86
		{91E8C943-1653-4306-BC80-0FB8D3DC992C}.Release|iPhoneSimulator.Build.0 = Release|x86
		{91E8C943-1653-4306-BC80-0FB8D3DC992C}.Release|iPhoneSimulator.Deploy.0 = Release|x86
		{91E8C943-1653-4306-BC80-0FB8D3DC992C}.Release|x64.ActiveCfg = Release|x64
		{91E8C943-1653-4306-BC80-0FB8D3DC992C}.Release|x64.Build.0 = Release|x64
		{91E8C943-1653-4306-BC80-0FB8D3DC992C}.Release|x64.Deploy.0 = Release|x64
		{91E8C943-1653-4306-BC80-0FB8D3DC992C}.Release|x86.ActiveCfg = Release|x86
		{91E8C943-1653-4306-BC80-0FB8D3DC992C}.Release|x86.Build.0 = Release|x86
		{91E8C943-1653-4306-BC80-0FB8D3DC992C}.Release|x86.Deploy.0 = Release|x86
		{2BC852E9-D07A-410A-AC9B-4D0B86840900}.Debug|Any CPU.ActiveCfg = Debug|Any CPU
		{2BC852E9-D07A-410A-AC9B-4D0B86840900}.Debug|Any CPU.Build.0 = Debug|Any CPU
		{2BC852E9-D07A-410A-AC9B-4D0B86840900}.Debug|Any CPU.Deploy.0 = Debug|Any CPU
		{2BC852E9-D07A-410A-AC9B-4D0B86840900}.Debug|ARM.ActiveCfg = Debug|Any CPU
		{2BC852E9-D07A-410A-AC9B-4D0B86840900}.Debug|ARM.Build.0 = Debug|Any CPU
		{2BC852E9-D07A-410A-AC9B-4D0B86840900}.Debug|ARM.Deploy.0 = Debug|Any CPU
		{2BC852E9-D07A-410A-AC9B-4D0B86840900}.Debug|iPhone.ActiveCfg = Debug|Any CPU
		{2BC852E9-D07A-410A-AC9B-4D0B86840900}.Debug|iPhone.Build.0 = Debug|Any CPU
		{2BC852E9-D07A-410A-AC9B-4D0B86840900}.Debug|iPhone.Deploy.0 = Debug|Any CPU
		{2BC852E9-D07A-410A-AC9B-4D0B86840900}.Debug|iPhoneSimulator.ActiveCfg = Debug|Any CPU
		{2BC852E9-D07A-410A-AC9B-4D0B86840900}.Debug|iPhoneSimulator.Build.0 = Debug|Any CPU
		{2BC852E9-D07A-410A-AC9B-4D0B86840900}.Debug|iPhoneSimulator.Deploy.0 = Debug|Any CPU
		{2BC852E9-D07A-410A-AC9B-4D0B86840900}.Debug|x64.ActiveCfg = Debug|Any CPU
		{2BC852E9-D07A-410A-AC9B-4D0B86840900}.Debug|x64.Build.0 = Debug|Any CPU
		{2BC852E9-D07A-410A-AC9B-4D0B86840900}.Debug|x64.Deploy.0 = Debug|Any CPU
		{2BC852E9-D07A-410A-AC9B-4D0B86840900}.Debug|x86.ActiveCfg = Debug|Any CPU
		{2BC852E9-D07A-410A-AC9B-4D0B86840900}.Debug|x86.Build.0 = Debug|Any CPU
		{2BC852E9-D07A-410A-AC9B-4D0B86840900}.Debug|x86.Deploy.0 = Debug|Any CPU
		{2BC852E9-D07A-410A-AC9B-4D0B86840900}.Release|Any CPU.ActiveCfg = Release|Any CPU
		{2BC852E9-D07A-410A-AC9B-4D0B86840900}.Release|Any CPU.Build.0 = Release|Any CPU
		{2BC852E9-D07A-410A-AC9B-4D0B86840900}.Release|Any CPU.Deploy.0 = Release|Any CPU
		{2BC852E9-D07A-410A-AC9B-4D0B86840900}.Release|ARM.ActiveCfg = Release|Any CPU
		{2BC852E9-D07A-410A-AC9B-4D0B86840900}.Release|ARM.Build.0 = Release|Any CPU
		{2BC852E9-D07A-410A-AC9B-4D0B86840900}.Release|ARM.Deploy.0 = Release|Any CPU
		{2BC852E9-D07A-410A-AC9B-4D0B86840900}.Release|iPhone.ActiveCfg = Release|Any CPU
		{2BC852E9-D07A-410A-AC9B-4D0B86840900}.Release|iPhone.Build.0 = Release|Any CPU
		{2BC852E9-D07A-410A-AC9B-4D0B86840900}.Release|iPhone.Deploy.0 = Release|Any CPU
		{2BC852E9-D07A-410A-AC9B-4D0B86840900}.Release|iPhoneSimulator.ActiveCfg = Release|Any CPU
		{2BC852E9-D07A-410A-AC9B-4D0B86840900}.Release|iPhoneSimulator.Build.0 = Release|Any CPU
		{2BC852E9-D07A-410A-AC9B-4D0B86840900}.Release|iPhoneSimulator.Deploy.0 = Release|Any CPU
		{2BC852E9-D07A-410A-AC9B-4D0B86840900}.Release|x64.ActiveCfg = Release|Any CPU
		{2BC852E9-D07A-410A-AC9B-4D0B86840900}.Release|x64.Build.0 = Release|Any CPU
		{2BC852E9-D07A-410A-AC9B-4D0B86840900}.Release|x64.Deploy.0 = Release|Any CPU
		{2BC852E9-D07A-410A-AC9B-4D0B86840900}.Release|x86.ActiveCfg = Release|Any CPU
		{2BC852E9-D07A-410A-AC9B-4D0B86840900}.Release|x86.Build.0 = Release|Any CPU
		{2BC852E9-D07A-410A-AC9B-4D0B86840900}.Release|x86.Deploy.0 = Release|Any CPU
	EndGlobalSection
	GlobalSection(SolutionProperties) = preSolution
		HideSolutionNode = FALSE
	EndGlobalSection
	GlobalSection(ExtensibilityGlobals) = postSolution
		SolutionGuid = {CAB8AD69-24A9-47AA-880D-CB42FC20FA52}
	EndGlobalSection
EndGlobal
